// !$*UTF8*$!
{
	archiveVersion = 1;
	classes = {
	};
	objectVersion = 46;
	objects = {

/* Begin PBXBuildFile section */
		D2412B871F71125B00F0E1BF /* main.m in Sources */ = {isa = PBXBuildFile; fileRef = D2412B861F71125B00F0E1BF /* main.m */; };
		D2412B8A1F71125B00F0E1BF /* AppDelegate.m in Sources */ = {isa = PBXBuildFile; fileRef = D2412B891F71125B00F0E1BF /* AppDelegate.m */; };
		D2412B8D1F71125B00F0E1BF /* NSTimerVC.m in Sources */ = {isa = PBXBuildFile; fileRef = D2412B8C1F71125B00F0E1BF /* NSTimerVC.m */; };
		D2412B901F71125B00F0E1BF /* Main.storyboard in Resources */ = {isa = PBXBuildFile; fileRef = D2412B8E1F71125B00F0E1BF /* Main.storyboard */; };
		D2412B921F71125B00F0E1BF /* Assets.xcassets in Resources */ = {isa = PBXBuildFile; fileRef = D2412B911F71125B00F0E1BF /* Assets.xcassets */; };
		D2412B951F71125B00F0E1BF /* LaunchScreen.storyboard in Resources */ = {isa = PBXBuildFile; fileRef = D2412B931F71125B00F0E1BF /* LaunchScreen.storyboard */; };
		D2412BA01F71125C00F0E1BF /* NSTimerDemoTests.m in Sources */ = {isa = PBXBuildFile; fileRef = D2412B9F1F71125C00F0E1BF /* NSTimerDemoTests.m */; };
		D2412BAB1F71125C00F0E1BF /* NSTimerDemoUITests.m in Sources */ = {isa = PBXBuildFile; fileRef = D2412BAA1F71125C00F0E1BF /* NSTimerDemoUITests.m */; };
		D2C6B1461F73856700ADE5D8 /* GCDTimer.m in Sources */ = {isa = PBXBuildFile; fileRef = D2C6B1451F73856700ADE5D8 /* GCDTimer.m */; };
		D2C6B1491F73892800ADE5D8 /* GCDTimerVC.m in Sources */ = {isa = PBXBuildFile; fileRef = D2C6B1481F73892800ADE5D8 /* GCDTimerVC.m */; };
		D2C6B14C1F7392AB00ADE5D8 /* WeakTimer.m in Sources */ = {isa = PBXBuildFile; fileRef = D2C6B14B1F7392AA00ADE5D8 /* WeakTimer.m */; };
		D2C6B14F1F73960500ADE5D8 /* WeakTimerVC.m in Sources */ = {isa = PBXBuildFile; fileRef = D2C6B14E1F73960500ADE5D8 /* WeakTimerVC.m */; };
		D2C6B1561F73AE4800ADE5D8 /* MultiThreadUsingVC.m in Sources */ = {isa = PBXBuildFile; fileRef = D2C6B1551F73AE4800ADE5D8 /* MultiThreadUsingVC.m */; };
/* End PBXBuildFile section */

/* Begin PBXContainerItemProxy section */
		D2412B9C1F71125C00F0E1BF /* PBXContainerItemProxy */ = {
			isa = PBXContainerItemProxy;
			containerPortal = D2412B7A1F71125B00F0E1BF /* Project object */;
			proxyType = 1;
			remoteGlobalIDString = D2412B811F71125B00F0E1BF;
			remoteInfo = NSTimerDemo;
		};
		D2412BA71F71125C00F0E1BF /* PBXContainerItemProxy */ = {
			isa = PBXContainerItemProxy;
			containerPortal = D2412B7A1F71125B00F0E1BF /* Project object */;
			proxyType = 1;
			remoteGlobalIDString = D2412B811F71125B00F0E1BF;
			remoteInfo = NSTimerDemo;
		};
/* End PBXContainerItemProxy section */

/* Begin PBXFileReference section */
		D2412B821F71125B00F0E1BF /* NSTimerDemo.app */ = {isa = PBXFileReference; explicitFileType = wrapper.application; includeInIndex = 0; path = NSTimerDemo.app; sourceTree = BUILT_PRODUCTS_DIR; };
		D2412B861F71125B00F0E1BF /* main.m */ = {isa = PBXFileReference; lastKnownFileType = sourcecode.c.objc; path = main.m; sourceTree = "<group>"; };
		D2412B881F71125B00F0E1BF /* AppDelegate.h */ = {isa = PBXFileReference; lastKnownFileType = sourcecode.c.h; path = AppDelegate.h; sourceTree = "<group>"; };
		D2412B891F71125B00F0E1BF /* AppDelegate.m */ = {isa = PBXFileReference; lastKnownFileType = sourcecode.c.objc; path = AppDelegate.m; sourceTree = "<group>"; };
		D2412B8B1F71125B00F0E1BF /* NSTimerVC.h */ = {isa = PBXFileReference; lastKnownFileType = sourcecode.c.h; path = NSTimerVC.h; sourceTree = "<group>"; };
		D2412B8C1F71125B00F0E1BF /* NSTimerVC.m */ = {isa = PBXFileReference; lastKnownFileType = sourcecode.c.objc; path = NSTimerVC.m; sourceTree = "<group>"; };
		D2412B8F1F71125B00F0E1BF /* Base */ = {isa = PBXFileReference; lastKnownFileType = file.storyboard; name = Base; path = Base.lproj/Main.storyboard; sourceTree = "<group>"; };
		D2412B911F71125B00F0E1BF /* Assets.xcassets */ = {isa = PBXFileReference; lastKnownFileType = folder.assetcatalog; path = Assets.xcassets; sourceTree = "<group>"; };
		D2412B941F71125B00F0E1BF /* Base */ = {isa = PBXFileReference; lastKnownFileType = file.storyboard; name = Base; path = Base.lproj/LaunchScreen.storyboard; sourceTree = "<group>"; };
		D2412B961F71125B00F0E1BF /* Info.plist */ = {isa = PBXFileReference; lastKnownFileType = text.plist.xml; path = Info.plist; sourceTree = "<group>"; };
		D2412B9B1F71125C00F0E1BF /* NSTimerDemoTests.xctest */ = {isa = PBXFileReference; explicitFileType = wrapper.cfbundle; includeInIndex = 0; path = NSTimerDemoTests.xctest; sourceTree = BUILT_PRODUCTS_DIR; };
		D2412B9F1F71125C00F0E1BF /* NSTimerDemoTests.m */ = {isa = PBXFileReference; lastKnownFileType = sourcecode.c.objc; path = NSTimerDemoTests.m; sourceTree = "<group>"; };
		D2412BA11F71125C00F0E1BF /* Info.plist */ = {isa = PBXFileReference; lastKnownFileType = text.plist.xml; path = Info.plist; sourceTree = "<group>"; };
		D2412BA61F71125C00F0E1BF /* NSTimerDemoUITests.xctest */ = {isa = PBXFileReference; explicitFileType = wrapper.cfbundle; includeInIndex = 0; path = NSTimerDemoUITests.xctest; sourceTree = BUILT_PRODUCTS_DIR; };
		D2412BAA1F71125C00F0E1BF /* NSTimerDemoUITests.m */ = {isa = PBXFileReference; lastKnownFileType = sourcecode.c.objc; path = NSTimerDemoUITests.m; sourceTree = "<group>"; };
		D2412BAC1F71125C00F0E1BF /* Info.plist */ = {isa = PBXFileReference; lastKnownFileType = text.plist.xml; path = Info.plist; sourceTree = "<group>"; };
		D2C6B1441F73856700ADE5D8 /* GCDTimer.h */ = {isa = PBXFileReference; fileEncoding = 4; lastKnownFileType = sourcecode.c.h; path = GCDTimer.h; sourceTree = "<group>"; };
		D2C6B1451F73856700ADE5D8 /* GCDTimer.m */ = {isa = PBXFileReference; fileEncoding = 4; lastKnownFileType = sourcecode.c.objc; path = GCDTimer.m; sourceTree = "<group>"; };
		D2C6B1471F73892800ADE5D8 /* GCDTimerVC.h */ = {isa = PBXFileReference; fileEncoding = 4; lastKnownFileType = sourcecode.c.h; path = GCDTimerVC.h; sourceTree = "<group>"; };
		D2C6B1481F73892800ADE5D8 /* GCDTimerVC.m */ = {isa = PBXFileReference; fileEncoding = 4; lastKnownFileType = sourcecode.c.objc; path = GCDTimerVC.m; sourceTree = "<group>"; };
		D2C6B14A1F7392AA00ADE5D8 /* WeakTimer.h */ = {isa = PBXFileReference; fileEncoding = 4; lastKnownFileType = sourcecode.c.h; path = WeakTimer.h; sourceTree = "<group>"; };
		D2C6B14B1F7392AA00ADE5D8 /* WeakTimer.m */ = {isa = PBXFileReference; fileEncoding = 4; lastKnownFileType = sourcecode.c.objc; path = WeakTimer.m; sourceTree = "<group>"; };
		D2C6B14D1F73960500ADE5D8 /* WeakTimerVC.h */ = {isa = PBXFileReference; fileEncoding = 4; lastKnownFileType = sourcecode.c.h; path = WeakTimerVC.h; sourceTree = "<group>"; };
		D2C6B14E1F73960500ADE5D8 /* WeakTimerVC.m */ = {isa = PBXFileReference; fileEncoding = 4; lastKnownFileType = sourcecode.c.objc; path = WeakTimerVC.m; sourceTree = "<group>"; };
		D2C6B1541F73AE4800ADE5D8 /* MultiThreadUsingVC.h */ = {isa = PBXFileReference; fileEncoding = 4; lastKnownFileType = sourcecode.c.h; path = MultiThreadUsingVC.h; sourceTree = "<group>"; };
		D2C6B1551F73AE4800ADE5D8 /* MultiThreadUsingVC.m */ = {isa = PBXFileReference; fileEncoding = 4; lastKnownFileType = sourcecode.c.objc; path = MultiThreadUsingVC.m; sourceTree = "<group>"; };
/* End PBXFileReference section */

/* Begin PBXFrameworksBuildPhase section */
		D2412B7F1F71125B00F0E1BF /* Frameworks */ = {
			isa = PBXFrameworksBuildPhase;
			buildActionMask = 2147483647;
			files = (
			);
			runOnlyForDeploymentPostprocessing = 0;
		};
		D2412B981F71125C00F0E1BF /* Frameworks */ = {
			isa = PBXFrameworksBuildPhase;
			buildActionMask = 2147483647;
			files = (
			);
			runOnlyForDeploymentPostprocessing = 0;
		};
		D2412BA31F71125C00F0E1BF /* Frameworks */ = {
			isa = PBXFrameworksBuildPhase;
			buildActionMask = 2147483647;
			files = (
			);
			runOnlyForDeploymentPostprocessing = 0;
		};
/* End PBXFrameworksBuildPhase section */

/* Begin PBXGroup section */
		D2412B791F71125B00F0E1BF = {
			isa = PBXGroup;
			children = (
				D2412B841F71125B00F0E1BF /* NSTimerDemo */,
				D2412B9E1F71125C00F0E1BF /* NSTimerDemoTests */,
				D2412BA91F71125C00F0E1BF /* NSTimerDemoUITests */,
				D2412B831F71125B00F0E1BF /* Products */,
			);
			sourceTree = "<group>";
		};
		D2412B831F71125B00F0E1BF /* Products */ = {
			isa = PBXGroup;
			children = (
				D2412B821F71125B00F0E1BF /* NSTimerDemo.app */,
				D2412B9B1F71125C00F0E1BF /* NSTimerDemoTests.xctest */,
				D2412BA61F71125C00F0E1BF /* NSTimerDemoUITests.xctest */,
			);
			name = Products;
			sourceTree = "<group>";
		};
		D2412B841F71125B00F0E1BF /* NSTimerDemo */ = {
			isa = PBXGroup;
			children = (
				D2C6B1501F73A4D900ADE5D8 /* NSTimer */,
				D2C6B1511F73A4EE00ADE5D8 /* GCDTimer */,
				D2C6B1521F73A4FC00ADE5D8 /* WeakTimer */,
				D2412B8E1F71125B00F0E1BF /* Main.storyboard */,
				D2412B851F71125B00F0E1BF /* Supporting Files */,
			);
			path = NSTimerDemo;
			sourceTree = "<group>";
		};
		D2412B851F71125B00F0E1BF /* Supporting Files */ = {
			isa = PBXGroup;
			children = (
				D2412B881F71125B00F0E1BF /* AppDelegate.h */,
				D2412B891F71125B00F0E1BF /* AppDelegate.m */,
				D2412B911F71125B00F0E1BF /* Assets.xcassets */,
				D2412B931F71125B00F0E1BF /* LaunchScreen.storyboard */,
				D2412B961F71125B00F0E1BF /* Info.plist */,
				D2412B861F71125B00F0E1BF /* main.m */,
			);
			name = "Supporting Files";
			sourceTree = "<group>";
		};
		D2412B9E1F71125C00F0E1BF /* NSTimerDemoTests */ = {
			isa = PBXGroup;
			children = (
				D2412B9F1F71125C00F0E1BF /* NSTimerDemoTests.m */,
				D2412BA11F71125C00F0E1BF /* Info.plist */,
			);
			path = NSTimerDemoTests;
			sourceTree = "<group>";
		};
		D2412BA91F71125C00F0E1BF /* NSTimerDemoUITests */ = {
			isa = PBXGroup;
			children = (
				D2412BAA1F71125C00F0E1BF /* NSTimerDemoUITests.m */,
				D2412BAC1F71125C00F0E1BF /* Info.plist */,
			);
			path = NSTimerDemoUITests;
			sourceTree = "<group>";
		};
		D2C6B1501F73A4D900ADE5D8 /* NSTimer */ = {
			isa = PBXGroup;
			children = (
				D2412B8B1F71125B00F0E1BF /* NSTimerVC.h */,
				D2412B8C1F71125B00F0E1BF /* NSTimerVC.m */,
				D2C6B1531F73ADD300ADE5D8 /* 多线程中的使用 */,
			);
			name = NSTimer;
			sourceTree = "<group>";
		};
		D2C6B1511F73A4EE00ADE5D8 /* GCDTimer */ = {
			isa = PBXGroup;
			children = (
				D2C6B1441F73856700ADE5D8 /* GCDTimer.h */,
				D2C6B1451F73856700ADE5D8 /* GCDTimer.m */,
				D2C6B1471F73892800ADE5D8 /* GCDTimerVC.h */,
				D2C6B1481F73892800ADE5D8 /* GCDTimerVC.m */,
			);
			name = GCDTimer;
			sourceTree = "<group>";
		};
		D2C6B1521F73A4FC00ADE5D8 /* WeakTimer */ = {
			isa = PBXGroup;
			children = (
				D2C6B14A1F7392AA00ADE5D8 /* WeakTimer.h */,
				D2C6B14B1F7392AA00ADE5D8 /* WeakTimer.m */,
				D2C6B14D1F73960500ADE5D8 /* WeakTimerVC.h */,
				D2C6B14E1F73960500ADE5D8 /* WeakTimerVC.m */,
			);
			name = WeakTimer;
			sourceTree = "<group>";
		};
		D2C6B1531F73ADD300ADE5D8 /* 多线程中的使用 */ = {
			isa = PBXGroup;
			children = (
				D2C6B1541F73AE4800ADE5D8 /* MultiThreadUsingVC.h */,
				D2C6B1551F73AE4800ADE5D8 /* MultiThreadUsingVC.m */,
			);
			name = "多线程中的使用";
			sourceTree = "<group>";
		};
/* End PBXGroup section */

/* Begin PBXNativeTarget section */
		D2412B811F71125B00F0E1BF /* NSTimerDemo */ = {
			isa = PBXNativeTarget;
			buildConfigurationList = D2412BAF1F71125C00F0E1BF /* Build configuration list for PBXNativeTarget "NSTimerDemo" */;
			buildPhases = (
				D2412B7E1F71125B00F0E1BF /* Sources */,
				D2412B7F1F71125B00F0E1BF /* Frameworks */,
				D2412B801F71125B00F0E1BF /* Resources */,
			);
			buildRules = (
			);
			dependencies = (
			);
			name = NSTimerDemo;
			productName = NSTimerDemo;
			productReference = D2412B821F71125B00F0E1BF /* NSTimerDemo.app */;
			productType = "com.apple.product-type.application";
		};
		D2412B9A1F71125C00F0E1BF /* NSTimerDemoTests */ = {
			isa = PBXNativeTarget;
			buildConfigurationList = D2412BB21F71125C00F0E1BF /* Build configuration list for PBXNativeTarget "NSTimerDemoTests" */;
			buildPhases = (
				D2412B971F71125C00F0E1BF /* Sources */,
				D2412B981F71125C00F0E1BF /* Frameworks */,
				D2412B991F71125C00F0E1BF /* Resources */,
			);
			buildRules = (
			);
			dependencies = (
				D2412B9D1F71125C00F0E1BF /* PBXTargetDependency */,
			);
			name = NSTimerDemoTests;
			productName = NSTimerDemoTests;
			productReference = D2412B9B1F71125C00F0E1BF /* NSTimerDemoTests.xctest */;
			productType = "com.apple.product-type.bundle.unit-test";
		};
		D2412BA51F71125C00F0E1BF /* NSTimerDemoUITests */ = {
			isa = PBXNativeTarget;
			buildConfigurationList = D2412BB51F71125C00F0E1BF /* Build configuration list for PBXNativeTarget "NSTimerDemoUITests" */;
			buildPhases = (
				D2412BA21F71125C00F0E1BF /* Sources */,
				D2412BA31F71125C00F0E1BF /* Frameworks */,
				D2412BA41F71125C00F0E1BF /* Resources */,
			);
			buildRules = (
			);
			dependencies = (
				D2412BA81F71125C00F0E1BF /* PBXTargetDependency */,
			);
			name = NSTimerDemoUITests;
			productName = NSTimerDemoUITests;
			productReference = D2412BA61F71125C00F0E1BF /* NSTimerDemoUITests.xctest */;
			productType = "com.apple.product-type.bundle.ui-testing";
		};
/* End PBXNativeTarget section */

/* Begin PBXProject section */
		D2412B7A1F71125B00F0E1BF /* Project object */ = {
			isa = PBXProject;
			attributes = {
				LastUpgradeCheck = 0830;
				ORGANIZATIONNAME = "杜文亮";
				TargetAttributes = {
					D2412B811F71125B00F0E1BF = {
						CreatedOnToolsVersion = 8.3.3;
						ProvisioningStyle = Automatic;
					};
					D2412B9A1F71125C00F0E1BF = {
						CreatedOnToolsVersion = 8.3.3;
						ProvisioningStyle = Automatic;
						TestTargetID = D2412B811F71125B00F0E1BF;
					};
					D2412BA51F71125C00F0E1BF = {
						CreatedOnToolsVersion = 8.3.3;
						ProvisioningStyle = Automatic;
						TestTargetID = D2412B811F71125B00F0E1BF;
					};
				};
			};
			buildConfigurationList = D2412B7D1F71125B00F0E1BF /* Build configuration list for PBXProject "NSTimerDemo" */;
			compatibilityVersion = "Xcode 3.2";
			developmentRegion = English;
			hasScannedForEncodings = 0;
			knownRegions = (
				en,
				Base,
			);
			mainGroup = D2412B791F71125B00F0E1BF;
			productRefGroup = D2412B831F71125B00F0E1BF /* Products */;
			projectDirPath = "";
			projectRoot = "";
			targets = (
				D2412B811F71125B00F0E1BF /* NSTimerDemo */,
				D2412B9A1F71125C00F0E1BF /* NSTimerDemoTests */,
				D2412BA51F71125C00F0E1BF /* NSTimerDemoUITests */,
			);
		};
/* End PBXProject section */

/* Begin PBXResourcesBuildPhase section */
		D2412B801F71125B00F0E1BF /* Resources */ = {
			isa = PBXResourcesBuildPhase;
			buildActionMask = 2147483647;
			files = (
				D2412B951F71125B00F0E1BF /* LaunchScreen.storyboard in Resources */,
				D2412B921F71125B00F0E1BF /* Assets.xcassets in Resources */,
				D2412B901F71125B00F0E1BF /* Main.storyboard in Resources */,
			);
			runOnlyForDeploymentPostprocessing = 0;
		};
		D2412B991F71125C00F0E1BF /* Resources */ = {
			isa = PBXResourcesBuildPhase;
			buildActionMask = 2147483647;
			files = (
			);
			runOnlyForDeploymentPostprocessing = 0;
		};
		D2412BA41F71125C00F0E1BF /* Resources */ = {
			isa = PBXResourcesBuildPhase;
			buildActionMask = 2147483647;
			files = (
			);
			runOnlyForDeploymentPostprocessing = 0;
		};
/* End PBXResourcesBuildPhase section */

/* Begin PBXSourcesBuildPhase section */
		D2412B7E1F71125B00F0E1BF /* Sources */ = {
			isa = PBXSourcesBuildPhase;
			buildActionMask = 2147483647;
			files = (
				D2C6B1461F73856700ADE5D8 /* GCDTimer.m in Sources */,
				D2C6B1561F73AE4800ADE5D8 /* MultiThreadUsingVC.m in Sources */,
				D2412B8D1F71125B00F0E1BF /* NSTimerVC.m in Sources */,
				D2C6B14F1F73960500ADE5D8 /* WeakTimerVC.m in Sources */,
				D2412B8A1F71125B00F0E1BF /* AppDelegate.m in Sources */,
				D2C6B14C1F7392AB00ADE5D8 /* WeakTimer.m in Sources */,
				D2C6B1491F73892800ADE5D8 /* GCDTimerVC.m in Sources */,
				D2412B871F71125B00F0E1BF /* main.m in Sources */,
			);
			runOnlyForDeploymentPostprocessing = 0;
		};
		D2412B971F71125C00F0E1BF /* Sources */ = {
			isa = PBXSourcesBuildPhase;
			buildActionMask = 2147483647;
			files = (
				D2412BA01F71125C00F0E1BF /* NSTimerDemoTests.m in Sources */,
			);
			runOnlyForDeploymentPostprocessing = 0;
		};
		D2412BA21F71125C00F0E1BF /* Sources */ = {
			isa = PBXSourcesBuildPhase;
			buildActionMask = 2147483647;
			files = (
				D2412BAB1F71125C00F0E1BF /* NSTimerDemoUITests.m in Sources */,
			);
			runOnlyForDeploymentPostprocessing = 0;
		};
/* End PBXSourcesBuildPhase section */

/* Begin PBXTargetDependency section */
		D2412B9D1F71125C00F0E1BF /* PBXTargetDependency */ = {
			isa = PBXTargetDependency;
			target = D2412B811F71125B00F0E1BF /* NSTimerDemo */;
			targetProxy = D2412B9C1F71125C00F0E1BF /* PBXContainerItemProxy */;
		};
		D2412BA81F71125C00F0E1BF /* PBXTargetDependency */ = {
			isa = PBXTargetDependency;
			target = D2412B811F71125B00F0E1BF /* NSTimerDemo */;
			targetProxy = D2412BA71F71125C00F0E1BF /* PBXContainerItemProxy */;
		};
/* End PBXTargetDependency section */

/* Begin PBXVariantGroup section */
		D2412B8E1F71125B00F0E1BF /* Main.storyboard */ = {
			isa = PBXVariantGroup;
			children = (
				D2412B8F1F71125B00F0E1BF /* Base */,
			);
			name = Main.storyboard;
			sourceTree = "<group>";
		};
		D2412B931F71125B00F0E1BF /* LaunchScreen.storyboard */ = {
			isa = PBXVariantGroup;
			children = (
				D2412B941F71125B00F0E1BF /* Base */,
			);
			name = LaunchScreen.storyboard;
			sourceTree = "<group>";
		};
/* End PBXVariantGroup section */

/* Begin XCBuildConfiguration section */
		D2412BAD1F71125C00F0E1BF /* Debug */ = {
			isa = XCBuildConfiguration;
			buildSettings = {
				ALWAYS_SEARCH_USER_PATHS = NO;
				CLANG_ANALYZER_NONNULL = YES;
				CLANG_ANALYZER_NUMBER_OBJECT_CONVERSION = YES_AGGRESSIVE;
				CLANG_CXX_LANGUAGE_STANDARD = "gnu++0x";
				CLANG_CXX_LIBRARY = "libc++";
				CLANG_ENABLE_MODULES = YES;
				CLANG_ENABLE_OBJC_ARC = YES;
				CLANG_WARN_BOOL_CONVERSION = YES;
				CLANG_WARN_CONSTANT_CONVERSION = YES;
				CLANG_WARN_DIRECT_OBJC_ISA_USAGE = YES_ERROR;
				CLANG_WARN_DOCUMENTATION_COMMENTS = YES;
				CLANG_WARN_EMPTY_BODY = YES;
				CLANG_WARN_ENUM_CONVERSION = YES;
				CLANG_WARN_INFINITE_RECURSION = YES;
				CLANG_WARN_INT_CONVERSION = YES;
				CLANG_WARN_OBJC_ROOT_CLASS = YES_ERROR;
				CLANG_WARN_SUSPICIOUS_MOVE = YES;
				CLANG_WARN_UNREACHABLE_CODE = YES;
				CLANG_WARN__DUPLICATE_METHOD_MATCH = YES;
				"CODE_SIGN_IDENTITY[sdk=iphoneos*]" = "iPhone Developer";
				COPY_PHASE_STRIP = NO;
				DEBUG_INFORMATION_FORMAT = dwarf;
				ENABLE_STRICT_OBJC_MSGSEND = YES;
				ENABLE_TESTABILITY = YES;
				GCC_C_LANGUAGE_STANDARD = gnu99;
				GCC_DYNAMIC_NO_PIC = NO;
				GCC_NO_COMMON_BLOCKS = YES;
				GCC_OPTIMIZATION_LEVEL = 0;
				GCC_PREPROCESSOR_DEFINITIONS = (
					"DEBUG=1",
					"$(inherited)",
				);
				GCC_WARN_64_TO_32_BIT_CONVERSION = YES;
				GCC_WARN_ABOUT_RETURN_TYPE = YES_ERROR;
				GCC_WARN_UNDECLARED_SELECTOR = YES;
				GCC_WARN_UNINITIALIZED_AUTOS = YES_AGGRESSIVE;
				GCC_WARN_UNUSED_FUNCTION = YES;
				GCC_WARN_UNUSED_VARIABLE = YES;
				IPHONEOS_DEPLOYMENT_TARGET = 10.3;
				MTL_ENABLE_DEBUG_INFO = YES;
				ONLY_ACTIVE_ARCH = YES;
				SDKROOT = iphoneos;
			};
			name = Debug;
		};
		D2412BAE1F71125C00F0E1BF /* Release */ = {
			isa = XCBuildConfiguration;
			buildSettings = {
				ALWAYS_SEARCH_USER_PATHS = NO;
				CLANG_ANALYZER_NONNULL = YES;
				CLANG_ANALYZER_NUMBER_OBJECT_CONVERSION = YES_AGGRESSIVE;
				CLANG_CXX_LANGUAGE_STANDARD = "gnu++0x";
				CLANG_CXX_LIBRARY = "libc++";
				CLANG_ENABLE_MODULES = YES;
				CLANG_ENABLE_OBJC_ARC = YES;
				CLANG_WARN_BOOL_CONVERSION = YES;
				CLANG_WARN_CONSTANT_CONVERSION = YES;
				CLANG_WARN_DIRECT_OBJC_ISA_USAGE = YES_ERROR;
				CLANG_WARN_DOCUMENTATION_COMMENTS = YES;
				CLANG_WARN_EMPTY_BODY = YES;
				CLANG_WARN_ENUM_CONVERSION = YES;
				CLANG_WARN_INFINITE_RECURSION = YES;
				CLANG_WARN_INT_CONVERSION = YES;
				CLANG_WARN_OBJC_ROOT_CLASS = YES_ERROR;
				CLANG_WARN_SUSPICIOUS_MOVE = YES;
				CLANG_WARN_UNREACHABLE_CODE = YES;
				CLANG_WARN__DUPLICATE_METHOD_MATCH = YES;
				"CODE_SIGN_IDENTITY[sdk=iphoneos*]" = "iPhone Developer";
				COPY_PHASE_STRIP = NO;
				DEBUG_INFORMATION_FORMAT = "dwarf-with-dsym";
				ENABLE_NS_ASSERTIONS = NO;
				ENABLE_STRICT_OBJC_MSGSEND = YES;
				GCC_C_LANGUAGE_STANDARD = gnu99;
				GCC_NO_COMMON_BLOCKS = YES;
				GCC_WARN_64_TO_32_BIT_CONVERSION = YES;
				GCC_WARN_ABOUT_RETURN_TYPE = YES_ERROR;
				GCC_WARN_UNDECLARED_SELECTOR = YES;
				GCC_WARN_UNINITIALIZED_AUTOS = YES_AGGRESSIVE;
				GCC_WARN_UNUSED_FUNCTION = YES;
				GCC_WARN_UNUSED_VARIABLE = YES;
				IPHONEOS_DEPLOYMENT_TARGET = 10.3;
				MTL_ENABLE_DEBUG_INFO = NO;
				SDKROOT = iphoneos;
				VALIDATE_PRODUCT = YES;
			};
			name = Release;
		};
		D2412BB01F71125C00F0E1BF /* Debug */ = {
			isa = XCBuildConfiguration;
			buildSettings = {
				ASSETCATALOG_COMPILER_APPICON_NAME = AppIcon;
				INFOPLIST_FILE = NSTimerDemo/Info.plist;
				LD_RUNPATH_SEARCH_PATHS = "$(inherited) @executable_path/Frameworks";
				PRODUCT_BUNDLE_IDENTIFIER = com.du.NSTimerDemo;
				PRODUCT_NAME = "$(TARGET_NAME)";
			};
			name = Debug;
		};
		D2412BB11F71125C00F0E1BF /* Release */ = {
			isa = XCBuildConfiguration;
			buildSettings = {
				ASSETCATALOG_COMPILER_APPICON_NAME = AppIcon;
				INFOPLIST_FILE = NSTimerDemo/Info.plist;
				LD_RUNPATH_SEARCH_PATHS = "$(inherited) @executable_path/Frameworks";
				PRODUCT_BUNDLE_IDENTIFIER = com.du.NSTimerDemo;
				PRODUCT_NAME = "$(TARGET_NAME)";
			};
			name = Release;
		};
		D2412BB31F71125C00F0E1BF /* Debug */ = {
			isa = XCBuildConfiguration;
			buildSettings = {
				BUNDLE_LOADER = "$(TEST_HOST)";
				INFOPLIST_FILE = NSTimerDemoTests/Info.plist;
				LD_RUNPATH_SEARCH_PATHS = "$(inherited) @executable_path/Frameworks @loader_path/Frameworks";
				PRODUCT_BUNDLE_IDENTIFIER = com.du.NSTimerDemoTests;
				PRODUCT_NAME = "$(TARGET_NAME)";
				TEST_HOST = "$(BUILT_PRODUCTS_DIR)/NSTimerDemo.app/NSTimerDemo";
			};
			name = Debug;
		};
		D2412BB41F71125C00F0E1BF /* Release */ = {
			isa = XCBuildConfiguration;
			buildSettings = {
				BUNDLE_LOADER = "$(TEST_HOST)";
				INFOPLIST_FILE = NSTimerDemoTests/Info.plist;
				LD_RUNPATH_SEARCH_PATHS = "$(inherited) @executable_path/Frameworks @loader_path/Frameworks";
				PRODUCT_BUNDLE_IDENTIFIER = com.du.NSTimerDemoTests;
				PRODUCT_NAME = "$(TARGET_NAME)";
				TEST_HOST = "$(BUILT_PRODUCTS_DIR)/NSTimerDemo.app/NSTimerDemo";
			};
			name = Release;
		};
		D2412BB61F71125C00F0E1BF /* Debug */ = {
			isa = XCBuildConfiguration;
			buildSettings = {
				INFOPLIST_FILE = NSTimerDemoUITests/Info.plist;
				LD_RUNPATH_SEARCH_PATHS = "$(inherited) @executable_path/Frameworks @loader_path/Frameworks";
				PRODUCT_BUNDLE_IDENTIFIER = com.du.NSTimerDemoUITests;
				PRODUCT_NAME = "$(TARGET_NAME)";
				TEST_TARGET_NAME = NSTimerDemo;
			};
			name = Debug;
		};
		D2412BB71F71125C00F0E1BF /* Release */ = {
			isa = XCBuildConfiguration;
			buildSettings = {
				INFOPLIST_FILE = NSTimerDemoUITests/Info.plist;
				LD_RUNPATH_SEARCH_PATHS = "$(inherited) @executable_path/Frameworks @loader_path/Frameworks";
				PRODUCT_BUNDLE_IDENTIFIER = com.du.NSTimerDemoUITests;
				PRODUCT_NAME = "$(TARGET_NAME)";
				TEST_TARGET_NAME = NSTimerDemo;
			};
			name = Release;
		};
/* End XCBuildConfiguration section */

/* Begin XCConfigurationList section */
		D2412B7D1F71125B00F0E1BF /* Build configuration list for PBXProject "NSTimerDemo" */ = {
			isa = XCConfigurationList;
			buildConfigurations = (
				D2412BAD1F71125C00F0E1BF /* Debug */,
				D2412BAE1F71125C00F0E1BF /* Release */,
			);
			defaultConfigurationIsVisible = 0;
			defaultConfigurationName = Release;
		};
		D2412BAF1F71125C00F0E1BF /* Build configuration list for PBXNativeTarget "NSTimerDemo" */ = {
			isa = XCConfigurationList;
			buildConfigurations = (
				D2412BB01F71125C00F0E1BF /* Debug */,
				D2412BB11F71125C00F0E1BF /* Release */,
			);
			defaultConfigurationIsVisible = 0;
			defaultConfigurationName = Release;
		};
		D2412BB21F71125C00F0E1BF /* Build configuration list for PBXNativeTarget "NSTimerDemoTests" */ = {
			isa = XCConfigurationList;
			buildConfigurations = (
				D2412BB31F71125C00F0E1BF /* Debug */,
				D2412BB41F71125C00F0E1BF /* Release */,
			);
			defaultConfigurationIsVisible = 0;
			defaultConfigurationName = Release;
		};
		D2412BB51F71125C00F0E1BF /* Build configuration list for PBXNativeTarget "NSTimerDemoUITests" */ = {
			isa = XCConfigurationList;
			buildConfigurations = (
				D2412BB61F71125C00F0E1BF /* Debug */,
				D2412BB71F71125C00F0E1BF /* Release */,
			);
			defaultConfigurationIsVisible = 0;
			defaultConfigurationName = Release;
		};
/* End XCConfigurationList section */
	};
	rootObject = D2412B7A1F71125B00F0E1BF /* Project object */;
}
